
Microsoft Visual Studio Solution File, Format Version 12.00
# Visual Studio 15
Project("{FAE04EC0-301F-11D3-BF4B-00C04F79EFBC}") = "AspNetApp", "AspNetApp.csproj", "{36D51803-D65B-431C-868D-F7E152FBF209}"
EndProject
Global
	GlobalSection(SolutionConfigurationPlatforms) = preSolution
		Debug|Any CPU = Debug|Any CPU
		Release|Any CPU = Release|Any CPU
	EndGlobalSection
	GlobalSection(ProjectConfigurationPlatforms) = postSolution
		{36D51803-D65B-431C-868D-F7E152FBF209}.Debug|Any CPU.ActiveCfg = Debug|Any CPU
		{36D51803-D65B-431C-868D-F7E152FBF209}.Debug|Any CPU.Build.0 = Debug|Any CPU
		{36D51803-D65B-431C-868D-F7E152FBF209}.Release|Any CPU.ActiveCfg = Release|Any CPU
		{36D51803-D65B-431C-868D-F7E152FBF209}.Release|Any CPU.Build.0 = Release|Any CPU
	EndGlobalSection
EndGlobal
